
Microsoft Visual Studio Solution File, Format Version 11.00
# Visual Studio 2010
Project("{FAE04EC0-301F-11D3-BF4B-00C04F79EFBC}") = "SaveM", "Assembly-CSharp.csproj", "{F477D505-34F5-1F38-28A7-B9561D6BAECD}"
EndProject
Project("{FAE04EC0-301F-11D3-BF4B-00C04F79EFBC}") = "SaveM", "Assembly-CSharp-Editor.csproj", "{8F8DC1FE-7B42-8039-6D0C-2A25C8D0AA66}"
EndProject
Global
	GlobalSection(SolutionConfigurationPlatforms) = preSolution
		Debug|Any CPU = Debug|Any CPU
		Release|Any CPU = Release|Any CPU
	EndGlobalSection
	GlobalSection(ProjectConfigurationPlatforms) = postSolution
		{F477D505-34F5-1F38-28A7-B9561D6BAECD}.Debug|Any CPU.ActiveCfg = Debug|Any CPU
		{F477D505-34F5-1F38-28A7-B9561D6BAECD}.Debug|Any CPU.Build.0 = Debug|Any CPU
		{F477D505-34F5-1F38-28A7-B9561D6BAECD}.Release|Any CPU.ActiveCfg = Release|Any CPU
		{F477D505-34F5-1F38-28A7-B9561D6BAECD}.Release|Any CPU.Build.0 = Release|Any CPU
		{8F8DC1FE-7B42-8039-6D0C-2A25C8D0AA66}.Debug|Any CPU.ActiveCfg = Debug|Any CPU
		{8F8DC1FE-7B42-8039-6D0C-2A25C8D0AA66}.Debug|Any CPU.Build.0 = Debug|Any CPU
		{8F8DC1FE-7B42-8039-6D0C-2A25C8D0AA66}.Release|Any CPU.ActiveCfg = Release|Any CPU
		{8F8DC1FE-7B42-8039-6D0C-2A25C8D0AA66}.Release|Any CPU.Build.0 = Release|Any CPU
	EndGlobalSection
	GlobalSection(SolutionProperties) = preSolution
		HideSolutionNode = FALSE
	EndGlobalSection
	GlobalSection(MonoDevelopProperties) = preSolution
		StartupItem = Assembly-CSharp.csproj
	EndGlobalSection
EndGlobal
